
Microsoft Visual Studio Solution File, Format Version 12.00
# Visual Studio Version 16
VisualStudioVersion = 16.0.29409.12
MinimumVisualStudioVersion = 10.0.40219.1
Project("{FAE04EC0-301F-11D3-BF4B-00C04F79EFBC}") = "WebApplication1", "WebApplication1\WebApplication1.csproj", "{889ADAB1-08F8-455B-8FE5-EED0EAAEC1DC}"
EndProject
Global
	GlobalSection(SolutionConfigurationPlatforms) = preSolution
		Debug|Any CPU = Debug|Any CPU
		Release|Any CPU = Release|Any CPU
	EndGlobalSection
	GlobalSection(ProjectConfigurationPlatforms) = postSolution
		{889ADAB1-08F8-455B-8FE5-EED0EAAEC1DC}.Debug|Any CPU.ActiveCfg = Debug|Any CPU
		{889ADAB1-08F8-455B-8FE5-EED0EAAEC1DC}.Debug|Any CPU.Build.0 = Debug|Any CPU
		{889ADAB1-08F8-455B-8FE5-EED0EAAEC1DC}.Release|Any CPU.ActiveCfg = Release|Any CPU
		{889ADAB1-08F8-455B-8FE5-EED0EAAEC1DC}.Release|Any CPU.Build.0 = Release|Any CPU
	EndGlobalSection
	GlobalSection(SolutionProperties) = preSolution
		HideSolutionNode = FALSE
	EndGlobalSection
	GlobalSection(ExtensibilityGlobals) = postSolution
		SolutionGuid = {053FB916-F852-4457-B67F-CC12690C7649}
	EndGlobalSection
EndGlobal
